
Microsoft Visual Studio Solution File, Format Version 12.00
# Visual Studio Version 17
VisualStudioVersion = 17.5.33516.290
MinimumVisualStudioVersion = 10.0.40219.1
Project("{9A19103F-16F7-4668-BE54-9A1E7A4F7556}") = "BusManagement", "BusManagement\BusManagement.csproj", "{5679587F-A00A-4082-9681-DDE17C5AFE22}"
EndProject
Project("{FAE04EC0-301F-11D3-BF4B-00C04F79EFBC}") = "Services", "Services\Services.csproj", "{1009AAAC-6AC6-4B64-B478-7EA31726BE46}"
EndProject
Global
	GlobalSection(SolutionConfigurationPlatforms) = preSolution
		Debug|Any CPU = Debug|Any CPU
		Release|Any CPU = Release|Any CPU
	EndGlobalSection
	GlobalSection(ProjectConfigurationPlatforms) = postSolution
		{5679587F-A00A-4082-9681-DDE17C5AFE22}.Debug|Any CPU.ActiveCfg = Debug|Any CPU
		{5679587F-A00A-4082-9681-DDE17C5AFE22}.Debug|Any CPU.Build.0 = Debug|Any CPU
		{5679587F-A00A-4082-9681-DDE17C5AFE22}.Release|Any CPU.ActiveCfg = Release|Any CPU
		{5679587F-A00A-4082-9681-DDE17C5AFE22}.Release|Any CPU.Build.0 = Release|Any CPU
		{1009AAAC-6AC6-4B64-B478-7EA31726BE46}.Debug|Any CPU.ActiveCfg = Debug|Any CPU
		{1009AAAC-6AC6-4B64-B478-7EA31726BE46}.Debug|Any CPU.Build.0 = Debug|Any CPU
		{1009AAAC-6AC6-4B64-B478-7EA31726BE46}.Release|Any CPU.ActiveCfg = Release|Any CPU
		{1009AAAC-6AC6-4B64-B478-7EA31726BE46}.Release|Any CPU.Build.0 = Release|Any CPU
	EndGlobalSection
	GlobalSection(SolutionProperties) = preSolution
		HideSolutionNode = FALSE
	EndGlobalSection
	GlobalSection(ExtensibilityGlobals) = postSolution
		SolutionGuid = {66750D59-3442-45A8-A56D-D9433552ABD6}
	EndGlobalSection
EndGlobal
